
Microsoft Visual Studio Solution File, Format Version 12.00
# Visual Studio Version 17
VisualStudioVersion = 17.9.34728.123
MinimumVisualStudioVersion = 10.0.40219.1
Project("{FAE04EC0-301F-11D3-BF4B-00C04F79EFBC}") = "MyContacts.App", "MyContacts.App\MyContacts.App.csproj", "{4E1C2093-04A3-484D-951E-0D0D50C025B2}"
EndProject
Project("{FAE04EC0-301F-11D3-BF4B-00C04F79EFBC}") = "MyContacts.Data", "MyContacts.Data\MyContacts.Data.csproj", "{6DB97D7D-57DE-4DE1-9571-59BD69A1C043}"
EndProject
Global
	GlobalSection(SolutionConfigurationPlatforms) = preSolution
		Debug|Any CPU = Debug|Any CPU
		Release|Any CPU = Release|Any CPU
	EndGlobalSection
	GlobalSection(ProjectConfigurationPlatforms) = postSolution
		{4E1C2093-04A3-484D-951E-0D0D50C025B2}.Debug|Any CPU.ActiveCfg = Debug|Any CPU
		{4E1C2093-04A3-484D-951E-0D0D50C025B2}.Debug|Any CPU.Build.0 = Debug|Any CPU
		{4E1C2093-04A3-484D-951E-0D0D50C025B2}.Release|Any CPU.ActiveCfg = Release|Any CPU
		{4E1C2093-04A3-484D-951E-0D0D50C025B2}.Release|Any CPU.Build.0 = Release|Any CPU
		{6DB97D7D-57DE-4DE1-9571-59BD69A1C043}.Debug|Any CPU.ActiveCfg = Debug|Any CPU
		{6DB97D7D-57DE-4DE1-9571-59BD69A1C043}.Debug|Any CPU.Build.0 = Debug|Any CPU
		{6DB97D7D-57DE-4DE1-9571-59BD69A1C043}.Release|Any CPU.ActiveCfg = Release|Any CPU
		{6DB97D7D-57DE-4DE1-9571-59BD69A1C043}.Release|Any CPU.Build.0 = Release|Any CPU
	EndGlobalSection
	GlobalSection(SolutionProperties) = preSolution
		HideSolutionNode = FALSE
	EndGlobalSection
	GlobalSection(ExtensibilityGlobals) = postSolution
		SolutionGuid = {35B6D2C3-0A72-4C89-B608-A7B66B4A05BF}
	EndGlobalSection
EndGlobal
